// !$*UTF8*$!
{
	archiveVersion = 1;
	classes = {
	};
	objectVersion = 51;
	objects = {

/* Begin PBXBuildFile section */
		53839204260F32AE002CAC18 /* AppDelegate.swift in Sources */ = {isa = PBXBuildFile; fileRef = 53839203260F32AE002CAC18 /* AppDelegate.swift */; };
		53839206260F32AE002CAC18 /* SceneDelegate.swift in Sources */ = {isa = PBXBuildFile; fileRef = 53839205260F32AE002CAC18 /* SceneDelegate.swift */; };
		5383920A260F32B1002CAC18 /* Assets.xcassets in Resources */ = {isa = PBXBuildFile; fileRef = 53839209260F32B1002CAC18 /* Assets.xcassets */; };
		5383920D260F32B1002CAC18 /* Preview Assets.xcassets in Resources */ = {isa = PBXBuildFile; fileRef = 5383920C260F32B1002CAC18 /* Preview Assets.xcassets */; };
		53839210260F32B1002CAC18 /* LaunchScreen.storyboard in Resources */ = {isa = PBXBuildFile; fileRef = 5383920E260F32B1002CAC18 /* LaunchScreen.storyboard */; };
		5383921B260F32B2002CAC18 /* TravelHackAppTests.swift in Sources */ = {isa = PBXBuildFile; fileRef = 5383921A260F32B2002CAC18 /* TravelHackAppTests.swift */; };
		53839226260F32B2002CAC18 /* TravelHackAppUITests.swift in Sources */ = {isa = PBXBuildFile; fileRef = 53839225260F32B2002CAC18 /* TravelHackAppUITests.swift */; };
		53839250260F349D002CAC18 /* MainCoordiantor.swift in Sources */ = {isa = PBXBuildFile; fileRef = 5383924F260F349D002CAC18 /* MainCoordiantor.swift */; };
		53839256260F34BB002CAC18 /* ViewBuilder.swift in Sources */ = {isa = PBXBuildFile; fileRef = 53839255260F34BB002CAC18 /* ViewBuilder.swift */; };
		5383925E260F3515002CAC18 /* CoordinatorProtocol.swift in Sources */ = {isa = PBXBuildFile; fileRef = 5383925D260F3515002CAC18 /* CoordinatorProtocol.swift */; };
		53839263260F3640002CAC18 /* MainView.swift in Sources */ = {isa = PBXBuildFile; fileRef = 53839262260F3640002CAC18 /* MainView.swift */; };
		53839268260F3651002CAC18 /* MainViewModel.swift in Sources */ = {isa = PBXBuildFile; fileRef = 53839267260F3651002CAC18 /* MainViewModel.swift */; };
		53839271260F37CC002CAC18 /* NetworkService.swift in Sources */ = {isa = PBXBuildFile; fileRef = 53839270260F37CC002CAC18 /* NetworkService.swift */; };
		53839279260F37FF002CAC18 /* LocalModel.swift in Sources */ = {isa = PBXBuildFile; fileRef = 53839278260F37FF002CAC18 /* LocalModel.swift */; };
		5383927E260F3817002CAC18 /* ModelProtocol.swift in Sources */ = {isa = PBXBuildFile; fileRef = 5383927D260F3817002CAC18 /* ModelProtocol.swift */; };
		53839284260F38A9002CAC18 /* StoryModel.swift in Sources */ = {isa = PBXBuildFile; fileRef = 53839283260F38A9002CAC18 /* StoryModel.swift */; };
		53839289260F3A70002CAC18 /* NewsModel.swift in Sources */ = {isa = PBXBuildFile; fileRef = 53839288260F3A70002CAC18 /* NewsModel.swift */; };
		5383928E260F3A85002CAC18 /* CityModel.swift in Sources */ = {isa = PBXBuildFile; fileRef = 5383928D260F3A85002CAC18 /* CityModel.swift */; };
		53839293260F3C8F002CAC18 /* GuideModel.swift in Sources */ = {isa = PBXBuildFile; fileRef = 53839292260F3C8F002CAC18 /* GuideModel.swift */; };
		5383929B260F45E0002CAC18 /* stories.json in Resources */ = {isa = PBXBuildFile; fileRef = 5383929A260F45E0002CAC18 /* stories.json */; };
		538392A1260F461F002CAC18 /* news.json in Resources */ = {isa = PBXBuildFile; fileRef = 538392A0260F461F002CAC18 /* news.json */; };
		538392A6260F462F002CAC18 /* guide.json in Resources */ = {isa = PBXBuildFile; fileRef = 538392A5260F462F002CAC18 /* guide.json */; };
		538392AB260F463E002CAC18 /* cities.json in Resources */ = {isa = PBXBuildFile; fileRef = 538392AA260F463E002CAC18 /* cities.json */; };
		538392C1260F533D002CAC18 /* StoryView.swift in Sources */ = {isa = PBXBuildFile; fileRef = 538392C0260F533D002CAC18 /* StoryView.swift */; };
		538392C6260F53F6002CAC18 /* GuideView.swift in Sources */ = {isa = PBXBuildFile; fileRef = 538392C5260F53F6002CAC18 /* GuideView.swift */; };
		538392CE260F62F3002CAC18 /* NewsView.swift in Sources */ = {isa = PBXBuildFile; fileRef = 538392CD260F62F3002CAC18 /* NewsView.swift */; };
		538392DB260F6711002CAC18 /* NewsArrayView.swift in Sources */ = {isa = PBXBuildFile; fileRef = 538392DA260F6711002CAC18 /* NewsArrayView.swift */; };
		538392E0260F6E55002CAC18 /* HeaderView.swift in Sources */ = {isa = PBXBuildFile; fileRef = 538392DF260F6E55002CAC18 /* HeaderView.swift */; };
		53D123F7260F77DE001C9E5C /* ChooseEventViewModel.swift in Sources */ = {isa = PBXBuildFile; fileRef = 53D123F6260F77DE001C9E5C /* ChooseEventViewModel.swift */; };
		53D123FC260F77EB001C9E5C /* ChooseEventViewController.swift in Sources */ = {isa = PBXBuildFile; fileRef = 53D123FB260F77EB001C9E5C /* ChooseEventViewController.swift */; };
		933FDB8D708C5F4805B723E1 /* Pods_TravelHackApp_TravelHackAppUITests.framework in Frameworks */ = {isa = PBXBuildFile; fileRef = 45BCBA04F5DB6CE9DC7F1994 /* Pods_TravelHackApp_TravelHackAppUITests.framework */; };
		BC02FF6EDBA0B442CFEAD300 /* Pods_TravelHackAppTests.framework in Frameworks */ = {isa = PBXBuildFile; fileRef = A5A9385D15B484D9DAF57757 /* Pods_TravelHackAppTests.framework */; };
		DAE5ED7088C87276ABD3A921 /* Pods_TravelHackApp.framework in Frameworks */ = {isa = PBXBuildFile; fileRef = AF44BB462717CD6C28459D3D /* Pods_TravelHackApp.framework */; };
/* End PBXBuildFile section */

/* Begin PBXContainerItemProxy section */
		53839217260F32B2002CAC18 /* PBXContainerItemProxy */ = {
			isa = PBXContainerItemProxy;
			containerPortal = 538391F8260F32AE002CAC18 /* Project object */;
			proxyType = 1;
			remoteGlobalIDString = 538391FF260F32AE002CAC18;
			remoteInfo = TravelHackApp;
		};
		53839222260F32B2002CAC18 /* PBXContainerItemProxy */ = {
			isa = PBXContainerItemProxy;
			containerPortal = 538391F8260F32AE002CAC18 /* Project object */;
			proxyType = 1;
			remoteGlobalIDString = 538391FF260F32AE002CAC18;
			remoteInfo = TravelHackApp;
		};
/* End PBXContainerItemProxy section */

/* Begin PBXFileReference section */
		1B78CD6AEEAC357A35B86FD3 /* Pods-TravelHackApp-TravelHackAppUITests.release.xcconfig */ = {isa = PBXFileReference; includeInIndex = 1; lastKnownFileType = text.xcconfig; name = "Pods-TravelHackApp-TravelHackAppUITests.release.xcconfig"; path = "Target Support Files/Pods-TravelHackApp-TravelHackAppUITests/Pods-TravelHackApp-TravelHackAppUITests.release.xcconfig"; sourceTree = "<group>"; };
		42EF621184C187BF657FC07F /* Pods-TravelHackAppTests.release.xcconfig */ = {isa = PBXFileReference; includeInIndex = 1; lastKnownFileType = text.xcconfig; name = "Pods-TravelHackAppTests.release.xcconfig"; path = "Target Support Files/Pods-TravelHackAppTests/Pods-TravelHackAppTests.release.xcconfig"; sourceTree = "<group>"; };
		45BCBA04F5DB6CE9DC7F1994 /* Pods_TravelHackApp_TravelHackAppUITests.framework */ = {isa = PBXFileReference; explicitFileType = wrapper.framework; includeInIndex = 0; path = Pods_TravelHackApp_TravelHackAppUITests.framework; sourceTree = BUILT_PRODUCTS_DIR; };
		53839200260F32AE002CAC18 /* TravelHackApp.app */ = {isa = PBXFileReference; explicitFileType = wrapper.application; includeInIndex = 0; path = TravelHackApp.app; sourceTree = BUILT_PRODUCTS_DIR; };
		53839203260F32AE002CAC18 /* AppDelegate.swift */ = {isa = PBXFileReference; lastKnownFileType = sourcecode.swift; path = AppDelegate.swift; sourceTree = "<group>"; };
		53839205260F32AE002CAC18 /* SceneDelegate.swift */ = {isa = PBXFileReference; lastKnownFileType = sourcecode.swift; path = SceneDelegate.swift; sourceTree = "<group>"; };
		53839209260F32B1002CAC18 /* Assets.xcassets */ = {isa = PBXFileReference; lastKnownFileType = folder.assetcatalog; path = Assets.xcassets; sourceTree = "<group>"; };
		5383920C260F32B1002CAC18 /* Preview Assets.xcassets */ = {isa = PBXFileReference; lastKnownFileType = folder.assetcatalog; path = "Preview Assets.xcassets"; sourceTree = "<group>"; };
		5383920F260F32B1002CAC18 /* Base */ = {isa = PBXFileReference; lastKnownFileType = file.storyboard; name = Base; path = Base.lproj/LaunchScreen.storyboard; sourceTree = "<group>"; };
		53839211260F32B2002CAC18 /* Info.plist */ = {isa = PBXFileReference; lastKnownFileType = text.plist.xml; path = Info.plist; sourceTree = "<group>"; };
		53839216260F32B2002CAC18 /* TravelHackAppTests.xctest */ = {isa = PBXFileReference; explicitFileType = wrapper.cfbundle; includeInIndex = 0; path = TravelHackAppTests.xctest; sourceTree = BUILT_PRODUCTS_DIR; };
		5383921A260F32B2002CAC18 /* TravelHackAppTests.swift */ = {isa = PBXFileReference; lastKnownFileType = sourcecode.swift; path = TravelHackAppTests.swift; sourceTree = "<group>"; };
		5383921C260F32B2002CAC18 /* Info.plist */ = {isa = PBXFileReference; lastKnownFileType = text.plist.xml; path = Info.plist; sourceTree = "<group>"; };
		53839221260F32B2002CAC18 /* TravelHackAppUITests.xctest */ = {isa = PBXFileReference; explicitFileType = wrapper.cfbundle; includeInIndex = 0; path = TravelHackAppUITests.xctest; sourceTree = BUILT_PRODUCTS_DIR; };
		53839225260F32B2002CAC18 /* TravelHackAppUITests.swift */ = {isa = PBXFileReference; lastKnownFileType = sourcecode.swift; path = TravelHackAppUITests.swift; sourceTree = "<group>"; };
		53839227260F32B2002CAC18 /* Info.plist */ = {isa = PBXFileReference; lastKnownFileType = text.plist.xml; path = Info.plist; sourceTree = "<group>"; };
		5383924F260F349D002CAC18 /* MainCoordiantor.swift */ = {isa = PBXFileReference; lastKnownFileType = sourcecode.swift; path = MainCoordiantor.swift; sourceTree = "<group>"; };
		53839255260F34BB002CAC18 /* ViewBuilder.swift */ = {isa = PBXFileReference; lastKnownFileType = sourcecode.swift; path = ViewBuilder.swift; sourceTree = "<group>"; };
		5383925D260F3515002CAC18 /* CoordinatorProtocol.swift */ = {isa = PBXFileReference; lastKnownFileType = sourcecode.swift; path = CoordinatorProtocol.swift; sourceTree = "<group>"; };
		53839262260F3640002CAC18 /* MainView.swift */ = {isa = PBXFileReference; lastKnownFileType = sourcecode.swift; path = MainView.swift; sourceTree = "<group>"; };
		53839267260F3651002CAC18 /* MainViewModel.swift */ = {isa = PBXFileReference; lastKnownFileType = sourcecode.swift; path = MainViewModel.swift; sourceTree = "<group>"; };
		53839270260F37CC002CAC18 /* NetworkService.swift */ = {isa = PBXFileReference; lastKnownFileType = sourcecode.swift; path = NetworkService.swift; sourceTree = "<group>"; };
		53839278260F37FF002CAC18 /* LocalModel.swift */ = {isa = PBXFileReference; lastKnownFileType = sourcecode.swift; path = LocalModel.swift; sourceTree = "<group>"; };
		5383927D260F3817002CAC18 /* ModelProtocol.swift */ = {isa = PBXFileReference; lastKnownFileType = sourcecode.swift; path = ModelProtocol.swift; sourceTree = "<group>"; };
		53839283260F38A9002CAC18 /* StoryModel.swift */ = {isa = PBXFileReference; lastKnownFileType = sourcecode.swift; path = StoryModel.swift; sourceTree = "<group>"; };
		53839288260F3A70002CAC18 /* NewsModel.swift */ = {isa = PBXFileReference; lastKnownFileType = sourcecode.swift; path = NewsModel.swift; sourceTree = "<group>"; };
		5383928D260F3A85002CAC18 /* CityModel.swift */ = {isa = PBXFileReference; lastKnownFileType = sourcecode.swift; path = CityModel.swift; sourceTree = "<group>"; };
		53839292260F3C8F002CAC18 /* GuideModel.swift */ = {isa = PBXFileReference; lastKnownFileType = sourcecode.swift; path = GuideModel.swift; sourceTree = "<group>"; };
		5383929A260F45E0002CAC18 /* stories.json */ = {isa = PBXFileReference; lastKnownFileType = text.json; path = stories.json; sourceTree = "<group>"; };
		538392A0260F461F002CAC18 /* news.json */ = {isa = PBXFileReference; lastKnownFileType = text.json; path = news.json; sourceTree = "<group>"; };
		538392A5260F462F002CAC18 /* guide.json */ = {isa = PBXFileReference; lastKnownFileType = text.json; path = guide.json; sourceTree = "<group>"; };
		538392AA260F463E002CAC18 /* cities.json */ = {isa = PBXFileReference; lastKnownFileType = text.json; path = cities.json; sourceTree = "<group>"; };
		538392C0260F533D002CAC18 /* StoryView.swift */ = {isa = PBXFileReference; lastKnownFileType = sourcecode.swift; path = StoryView.swift; sourceTree = "<group>"; };
		538392C5260F53F6002CAC18 /* GuideView.swift */ = {isa = PBXFileReference; lastKnownFileType = sourcecode.swift; path = GuideView.swift; sourceTree = "<group>"; };
		538392CD260F62F3002CAC18 /* NewsView.swift */ = {isa = PBXFileReference; lastKnownFileType = sourcecode.swift; path = NewsView.swift; sourceTree = "<group>"; };
		538392DA260F6711002CAC18 /* NewsArrayView.swift */ = {isa = PBXFileReference; lastKnownFileType = sourcecode.swift; path = NewsArrayView.swift; sourceTree = "<group>"; };
		538392DF260F6E55002CAC18 /* HeaderView.swift */ = {isa = PBXFileReference; lastKnownFileType = sourcecode.swift; path = HeaderView.swift; sourceTree = "<group>"; };
		53D123F6260F77DE001C9E5C /* ChooseEventViewModel.swift */ = {isa = PBXFileReference; lastKnownFileType = sourcecode.swift; path = ChooseEventViewModel.swift; sourceTree = "<group>"; };
		53D123FB260F77EB001C9E5C /* ChooseEventViewController.swift */ = {isa = PBXFileReference; lastKnownFileType = sourcecode.swift; path = ChooseEventViewController.swift; sourceTree = "<group>"; };
		62AC98924A1F956D928C213D /* Pods-TravelHackApp-TravelHackAppUITests.debug.xcconfig */ = {isa = PBXFileReference; includeInIndex = 1; lastKnownFileType = text.xcconfig; name = "Pods-TravelHackApp-TravelHackAppUITests.debug.xcconfig"; path = "Target Support Files/Pods-TravelHackApp-TravelHackAppUITests/Pods-TravelHackApp-TravelHackAppUITests.debug.xcconfig"; sourceTree = "<group>"; };
		8DD0F57AC570880F776080B7 /* Pods-TravelHackApp.release.xcconfig */ = {isa = PBXFileReference; includeInIndex = 1; lastKnownFileType = text.xcconfig; name = "Pods-TravelHackApp.release.xcconfig"; path = "Target Support Files/Pods-TravelHackApp/Pods-TravelHackApp.release.xcconfig"; sourceTree = "<group>"; };
		A5A9385D15B484D9DAF57757 /* Pods_TravelHackAppTests.framework */ = {isa = PBXFileReference; explicitFileType = wrapper.framework; includeInIndex = 0; path = Pods_TravelHackAppTests.framework; sourceTree = BUILT_PRODUCTS_DIR; };
		A88F6E197D9CA98D652D9E66 /* Pods-TravelHackApp.debug.xcconfig */ = {isa = PBXFileReference; includeInIndex = 1; lastKnownFileType = text.xcconfig; name = "Pods-TravelHackApp.debug.xcconfig"; path = "Target Support Files/Pods-TravelHackApp/Pods-TravelHackApp.debug.xcconfig"; sourceTree = "<group>"; };
		AF44BB462717CD6C28459D3D /* Pods_TravelHackApp.framework */ = {isa = PBXFileReference; explicitFileType = wrapper.framework; includeInIndex = 0; path = Pods_TravelHackApp.framework; sourceTree = BUILT_PRODUCTS_DIR; };
		BA3A856FF1254562C464540D /* Pods-TravelHackAppTests.debug.xcconfig */ = {isa = PBXFileReference; includeInIndex = 1; lastKnownFileType = text.xcconfig; name = "Pods-TravelHackAppTests.debug.xcconfig"; path = "Target Support Files/Pods-TravelHackAppTests/Pods-TravelHackAppTests.debug.xcconfig"; sourceTree = "<group>"; };
/* End PBXFileReference section */

/* Begin PBXFrameworksBuildPhase section */
		538391FD260F32AE002CAC18 /* Frameworks */ = {
			isa = PBXFrameworksBuildPhase;
			buildActionMask = 2147483647;
			files = (
				DAE5ED7088C87276ABD3A921 /* Pods_TravelHackApp.framework in Frameworks */,
			);
			runOnlyForDeploymentPostprocessing = 0;
		};
		53839213260F32B2002CAC18 /* Frameworks */ = {
			isa = PBXFrameworksBuildPhase;
			buildActionMask = 2147483647;
			files = (
				BC02FF6EDBA0B442CFEAD300 /* Pods_TravelHackAppTests.framework in Frameworks */,
			);
			runOnlyForDeploymentPostprocessing = 0;
		};
		5383921E260F32B2002CAC18 /* Frameworks */ = {
			isa = PBXFrameworksBuildPhase;
			buildActionMask = 2147483647;
			files = (
				933FDB8D708C5F4805B723E1 /* Pods_TravelHackApp_TravelHackAppUITests.framework in Frameworks */,
			);
			runOnlyForDeploymentPostprocessing = 0;
		};
/* End PBXFrameworksBuildPhase section */

/* Begin PBXGroup section */
		398DB2167F7A95DA6745E14F /* Pods */ = {
			isa = PBXGroup;
			children = (
				A88F6E197D9CA98D652D9E66 /* Pods-TravelHackApp.debug.xcconfig */,
				8DD0F57AC570880F776080B7 /* Pods-TravelHackApp.release.xcconfig */,
				62AC98924A1F956D928C213D /* Pods-TravelHackApp-TravelHackAppUITests.debug.xcconfig */,
				1B78CD6AEEAC357A35B86FD3 /* Pods-TravelHackApp-TravelHackAppUITests.release.xcconfig */,
				BA3A856FF1254562C464540D /* Pods-TravelHackAppTests.debug.xcconfig */,
				42EF621184C187BF657FC07F /* Pods-TravelHackAppTests.release.xcconfig */,
			);
			path = Pods;
			sourceTree = "<group>";
		};
		538391F7260F32AE002CAC18 = {
			isa = PBXGroup;
			children = (
				53839202260F32AE002CAC18 /* TravelHackApp */,
				53839219260F32B2002CAC18 /* TravelHackAppTests */,
				53839224260F32B2002CAC18 /* TravelHackAppUITests */,
				53839201260F32AE002CAC18 /* Products */,
				398DB2167F7A95DA6745E14F /* Pods */,
				9F29E8751C077C51120F47A5 /* Frameworks */,
			);
			sourceTree = "<group>";
		};
		53839201260F32AE002CAC18 /* Products */ = {
			isa = PBXGroup;
			children = (
				53839200260F32AE002CAC18 /* TravelHackApp.app */,
				53839216260F32B2002CAC18 /* TravelHackAppTests.xctest */,
				53839221260F32B2002CAC18 /* TravelHackAppUITests.xctest */,
			);
			name = Products;
			sourceTree = "<group>";
		};
		53839202260F32AE002CAC18 /* TravelHackApp */ = {
			isa = PBXGroup;
			children = (
				53839282260F389F002CAC18 /* DTO */,
				5383926F260F37BA002CAC18 /* Microservices */,
				53839254260F34AD002CAC18 /* Builders */,
				5383923D260F33E8002CAC18 /* Coordinators */,
				53839241260F33F4002CAC18 /* View */,
				53839203260F32AE002CAC18 /* AppDelegate.swift */,
				53839205260F32AE002CAC18 /* SceneDelegate.swift */,
				53839209260F32B1002CAC18 /* Assets.xcassets */,
				5383920E260F32B1002CAC18 /* LaunchScreen.storyboard */,
				53839211260F32B2002CAC18 /* Info.plist */,
				5383920B260F32B1002CAC18 /* Preview Content */,
			);
			path = TravelHackApp;
			sourceTree = "<group>";
		};
		5383920B260F32B1002CAC18 /* Preview Content */ = {
			isa = PBXGroup;
			children = (
				5383920C260F32B1002CAC18 /* Preview Assets.xcassets */,
			);
			path = "Preview Content";
			sourceTree = "<group>";
		};
		53839219260F32B2002CAC18 /* TravelHackAppTests */ = {
			isa = PBXGroup;
			children = (
				5383921A260F32B2002CAC18 /* TravelHackAppTests.swift */,
				5383921C260F32B2002CAC18 /* Info.plist */,
			);
			path = TravelHackAppTests;
			sourceTree = "<group>";
		};
		53839224260F32B2002CAC18 /* TravelHackAppUITests */ = {
			isa = PBXGroup;
			children = (
				53839225260F32B2002CAC18 /* TravelHackAppUITests.swift */,
				53839227260F32B2002CAC18 /* Info.plist */,
			);
			path = TravelHackAppUITests;
			sourceTree = "<group>";
		};
		5383923D260F33E8002CAC18 /* Coordinators */ = {
			isa = PBXGroup;
			children = (
				5383924F260F349D002CAC18 /* MainCoordiantor.swift */,
				5383925D260F3515002CAC18 /* CoordinatorProtocol.swift */,
			);
			path = Coordinators;
			sourceTree = "<group>";
		};
		53839241260F33F4002CAC18 /* View */ = {
			isa = PBXGroup;
			children = (
				53D123EA260F74C7001C9E5C /* ChooseEvent */,
				53D123E6260F747C001C9E5C /* MainScreen */,
			);
			path = View;
			sourceTree = "<group>";
		};
		53839254260F34AD002CAC18 /* Builders */ = {
			isa = PBXGroup;
			children = (
				53839255260F34BB002CAC18 /* ViewBuilder.swift */,
			);
			path = Builders;
			sourceTree = "<group>";
		};
		5383926F260F37BA002CAC18 /* Microservices */ = {
			isa = PBXGroup;
			children = (
				5383929F260F45FC002CAC18 /* Data */,
				53839270260F37CC002CAC18 /* NetworkService.swift */,
				53839278260F37FF002CAC18 /* LocalModel.swift */,
				5383927D260F3817002CAC18 /* ModelProtocol.swift */,
			);
			path = Microservices;
			sourceTree = "<group>";
		};
		53839282260F389F002CAC18 /* DTO */ = {
			isa = PBXGroup;
			children = (
				53839283260F38A9002CAC18 /* StoryModel.swift */,
				53839288260F3A70002CAC18 /* NewsModel.swift */,
				53839292260F3C8F002CAC18 /* GuideModel.swift */,
				5383928D260F3A85002CAC18 /* CityModel.swift */,
			);
			path = DTO;
			sourceTree = "<group>";
		};
		5383929F260F45FC002CAC18 /* Data */ = {
			isa = PBXGroup;
			children = (
				5383929A260F45E0002CAC18 /* stories.json */,
				538392A0260F461F002CAC18 /* news.json */,
				538392A5260F462F002CAC18 /* guide.json */,
				538392AA260F463E002CAC18 /* cities.json */,
			);
			path = Data;
			sourceTree = "<group>";
		};
		53D123E6260F747C001C9E5C /* MainScreen */ = {
			isa = PBXGroup;
			children = (
				538392DF260F6E55002CAC18 /* HeaderView.swift */,
				53839267260F3651002CAC18 /* MainViewModel.swift */,
				53839262260F3640002CAC18 /* MainView.swift */,
				538392C0260F533D002CAC18 /* StoryView.swift */,
				538392C5260F53F6002CAC18 /* GuideView.swift */,
				538392CD260F62F3002CAC18 /* NewsView.swift */,
				538392DA260F6711002CAC18 /* NewsArrayView.swift */,
			);
			path = MainScreen;
			sourceTree = "<group>";
		};
		53D123EA260F74C7001C9E5C /* ChooseEvent */ = {
			isa = PBXGroup;
			children = (
				53D123F6260F77DE001C9E5C /* ChooseEventViewModel.swift */,
				53D123FB260F77EB001C9E5C /* ChooseEventViewController.swift */,
			);
			path = ChooseEvent;
			sourceTree = "<group>";
		};
		9F29E8751C077C51120F47A5 /* Frameworks */ = {
			isa = PBXGroup;
			children = (
				AF44BB462717CD6C28459D3D /* Pods_TravelHackApp.framework */,
				45BCBA04F5DB6CE9DC7F1994 /* Pods_TravelHackApp_TravelHackAppUITests.framework */,
				A5A9385D15B484D9DAF57757 /* Pods_TravelHackAppTests.framework */,
			);
			name = Frameworks;
			sourceTree = "<group>";
		};
/* End PBXGroup section */

/* Begin PBXNativeTarget section */
		538391FF260F32AE002CAC18 /* TravelHackApp */ = {
			isa = PBXNativeTarget;
			buildConfigurationList = 5383922A260F32B2002CAC18 /* Build configuration list for PBXNativeTarget "TravelHackApp" */;
			buildPhases = (
				6456E8BAEBD041A35EC18EC4 /* [CP] Check Pods Manifest.lock */,
				538391FC260F32AE002CAC18 /* Sources */,
				538391FD260F32AE002CAC18 /* Frameworks */,
				538391FE260F32AE002CAC18 /* Resources */,
				A4DAB7656D83F8AA5E05EB7B /* [CP] Embed Pods Frameworks */,
			);
			buildRules = (
			);
			dependencies = (
			);
			name = TravelHackApp;
			productName = TravelHackApp;
			productReference = 53839200260F32AE002CAC18 /* TravelHackApp.app */;
			productType = "com.apple.product-type.application";
		};
		53839215260F32B2002CAC18 /* TravelHackAppTests */ = {
			isa = PBXNativeTarget;
			buildConfigurationList = 5383922D260F32B2002CAC18 /* Build configuration list for PBXNativeTarget "TravelHackAppTests" */;
			buildPhases = (
				C38B3696E5833AFE3195C37F /* [CP] Check Pods Manifest.lock */,
				53839212260F32B2002CAC18 /* Sources */,
				53839213260F32B2002CAC18 /* Frameworks */,
				53839214260F32B2002CAC18 /* Resources */,
			);
			buildRules = (
			);
			dependencies = (
				53839218260F32B2002CAC18 /* PBXTargetDependency */,
			);
			name = TravelHackAppTests;
			productName = TravelHackAppTests;
			productReference = 53839216260F32B2002CAC18 /* TravelHackAppTests.xctest */;
			productType = "com.apple.product-type.bundle.unit-test";
		};
		53839220260F32B2002CAC18 /* TravelHackAppUITests */ = {
			isa = PBXNativeTarget;
			buildConfigurationList = 53839230260F32B2002CAC18 /* Build configuration list for PBXNativeTarget "TravelHackAppUITests" */;
			buildPhases = (
				11766A09CAC8FD0CF2A246AD /* [CP] Check Pods Manifest.lock */,
				5383921D260F32B2002CAC18 /* Sources */,
				5383921E260F32B2002CAC18 /* Frameworks */,
				5383921F260F32B2002CAC18 /* Resources */,
				D04A1C7130CDFDD8A0235917 /* [CP] Embed Pods Frameworks */,
			);
			buildRules = (
			);
			dependencies = (
				53839223260F32B2002CAC18 /* PBXTargetDependency */,
			);
			name = TravelHackAppUITests;
			productName = TravelHackAppUITests;
			productReference = 53839221260F32B2002CAC18 /* TravelHackAppUITests.xctest */;
			productType = "com.apple.product-type.bundle.ui-testing";
		};
/* End PBXNativeTarget section */

/* Begin PBXProject section */
		538391F8260F32AE002CAC18 /* Project object */ = {
			isa = PBXProject;
			attributes = {
				LastSwiftUpdateCheck = 1220;
				LastUpgradeCheck = 1220;
				TargetAttributes = {
					538391FF260F32AE002CAC18 = {
						CreatedOnToolsVersion = 12.2;
					};
					53839215260F32B2002CAC18 = {
						CreatedOnToolsVersion = 12.2;
						TestTargetID = 538391FF260F32AE002CAC18;
					};
					53839220260F32B2002CAC18 = {
						CreatedOnToolsVersion = 12.2;
						TestTargetID = 538391FF260F32AE002CAC18;
					};
				};
			};
			buildConfigurationList = 538391FB260F32AE002CAC18 /* Build configuration list for PBXProject "TravelHackApp" */;
			compatibilityVersion = "Xcode 9.3";
			developmentRegion = en;
			hasScannedForEncodings = 0;
			knownRegions = (
				en,
				Base,
			);
			mainGroup = 538391F7260F32AE002CAC18;
			productRefGroup = 53839201260F32AE002CAC18 /* Products */;
			projectDirPath = "";
			projectRoot = "";
			targets = (
				538391FF260F32AE002CAC18 /* TravelHackApp */,
				53839215260F32B2002CAC18 /* TravelHackAppTests */,
				53839220260F32B2002CAC18 /* TravelHackAppUITests */,
			);
		};
/* End PBXProject section */

/* Begin PBXResourcesBuildPhase section */
		538391FE260F32AE002CAC18 /* Resources */ = {
			isa = PBXResourcesBuildPhase;
			buildActionMask = 2147483647;
			files = (
				53839210260F32B1002CAC18 /* LaunchScreen.storyboard in Resources */,
				538392A1260F461F002CAC18 /* news.json in Resources */,
				538392A6260F462F002CAC18 /* guide.json in Resources */,
				5383920D260F32B1002CAC18 /* Preview Assets.xcassets in Resources */,
				538392AB260F463E002CAC18 /* cities.json in Resources */,
				5383920A260F32B1002CAC18 /* Assets.xcassets in Resources */,
				5383929B260F45E0002CAC18 /* stories.json in Resources */,
			);
			runOnlyForDeploymentPostprocessing = 0;
		};
		53839214260F32B2002CAC18 /* Resources */ = {
			isa = PBXResourcesBuildPhase;
			buildActionMask = 2147483647;
			files = (
			);
			runOnlyForDeploymentPostprocessing = 0;
		};
		5383921F260F32B2002CAC18 /* Resources */ = {
			isa = PBXResourcesBuildPhase;
			buildActionMask = 2147483647;
			files = (
			);
			runOnlyForDeploymentPostprocessing = 0;
		};
/* End PBXResourcesBuildPhase section */

/* Begin PBXShellScriptBuildPhase section */
		11766A09CAC8FD0CF2A246AD /* [CP] Check Pods Manifest.lock */ = {
			isa = PBXShellScriptBuildPhase;
			buildActionMask = 2147483647;
			files = (
			);
			inputFileListPaths = (
			);
			inputPaths = (
				"${PODS_PODFILE_DIR_PATH}/Podfile.lock",
				"${PODS_ROOT}/Manifest.lock",
			);
			name = "[CP] Check Pods Manifest.lock";
			outputFileListPaths = (
			);
			outputPaths = (
				"$(DERIVED_FILE_DIR)/Pods-TravelHackApp-TravelHackAppUITests-checkManifestLockResult.txt",
			);
			runOnlyForDeploymentPostprocessing = 0;
			shellPath = /bin/sh;
			shellScript = "diff \"${PODS_PODFILE_DIR_PATH}/Podfile.lock\" \"${PODS_ROOT}/Manifest.lock\" > /dev/null\nif [ $? != 0 ] ; then\n    # print error to STDERR\n    echo \"error: The sandbox is not in sync with the Podfile.lock. Run 'pod install' or update your CocoaPods installation.\" >&2\n    exit 1\nfi\n# This output is used by Xcode 'outputs' to avoid re-running this script phase.\necho \"SUCCESS\" > \"${SCRIPT_OUTPUT_FILE_0}\"\n";
			showEnvVarsInLog = 0;
		};
		6456E8BAEBD041A35EC18EC4 /* [CP] Check Pods Manifest.lock */ = {
			isa = PBXShellScriptBuildPhase;
			buildActionMask = 2147483647;
			files = (
			);
			inputFileListPaths = (
			);
			inputPaths = (
				"${PODS_PODFILE_DIR_PATH}/Podfile.lock",
				"${PODS_ROOT}/Manifest.lock",
			);
			name = "[CP] Check Pods Manifest.lock";
			outputFileListPaths = (
			);
			outputPaths = (
				"$(DERIVED_FILE_DIR)/Pods-TravelHackApp-checkManifestLockResult.txt",
			);
			runOnlyForDeploymentPostprocessing = 0;
			shellPath = /bin/sh;
			shellScript = "diff \"${PODS_PODFILE_DIR_PATH}/Podfile.lock\" \"${PODS_ROOT}/Manifest.lock\" > /dev/null\nif [ $? != 0 ] ; then\n    # print error to STDERR\n    echo \"error: The sandbox is not in sync with the Podfile.lock. Run 'pod install' or update your CocoaPods installation.\" >&2\n    exit 1\nfi\n# This output is used by Xcode 'outputs' to avoid re-running this script phase.\necho \"SUCCESS\" > \"${SCRIPT_OUTPUT_FILE_0}\"\n";
			showEnvVarsInLog = 0;
		};
		A4DAB7656D83F8AA5E05EB7B /* [CP] Embed Pods Frameworks */ = {
			isa = PBXShellScriptBuildPhase;
			buildActionMask = 2147483647;
			files = (
			);
			inputFileListPaths = (
				"${PODS_ROOT}/Target Support Files/Pods-TravelHackApp/Pods-TravelHackApp-frameworks-${CONFIGURATION}-input-files.xcfilelist",
			);
			name = "[CP] Embed Pods Frameworks";
			outputFileListPaths = (
				"${PODS_ROOT}/Target Support Files/Pods-TravelHackApp/Pods-TravelHackApp-frameworks-${CONFIGURATION}-output-files.xcfilelist",
			);
			runOnlyForDeploymentPostprocessing = 0;
			shellPath = /bin/sh;
			shellScript = "\"${PODS_ROOT}/Target Support Files/Pods-TravelHackApp/Pods-TravelHackApp-frameworks.sh\"\n";
			showEnvVarsInLog = 0;
		};
		C38B3696E5833AFE3195C37F /* [CP] Check Pods Manifest.lock */ = {
			isa = PBXShellScriptBuildPhase;
			buildActionMask = 2147483647;
			files = (
			);
			inputFileListPaths = (
			);
			inputPaths = (
				"${PODS_PODFILE_DIR_PATH}/Podfile.lock",
				"${PODS_ROOT}/Manifest.lock",
			);
			name = "[CP] Check Pods Manifest.lock";
			outputFileListPaths = (
			);
			outputPaths = (
				"$(DERIVED_FILE_DIR)/Pods-TravelHackAppTests-checkManifestLockResult.txt",
			);
			runOnlyForDeploymentPostprocessing = 0;
			shellPath = /bin/sh;
			shellScript = "diff \"${PODS_PODFILE_DIR_PATH}/Podfile.lock\" \"${PODS_ROOT}/Manifest.lock\" > /dev/null\nif [ $? != 0 ] ; then\n    # print error to STDERR\n    echo \"error: The sandbox is not in sync with the Podfile.lock. Run 'pod install' or update your CocoaPods installation.\" >&2\n    exit 1\nfi\n# This output is used by Xcode 'outputs' to avoid re-running this script phase.\necho \"SUCCESS\" > \"${SCRIPT_OUTPUT_FILE_0}\"\n";
			showEnvVarsInLog = 0;
		};
		D04A1C7130CDFDD8A0235917 /* [CP] Embed Pods Frameworks */ = {
			isa = PBXShellScriptBuildPhase;
			buildActionMask = 2147483647;
			files = (
			);
			inputFileListPaths = (
				"${PODS_ROOT}/Target Support Files/Pods-TravelHackApp-TravelHackAppUITests/Pods-TravelHackApp-TravelHackAppUITests-frameworks-${CONFIGURATION}-input-files.xcfilelist",
			);
			name = "[CP] Embed Pods Frameworks";
			outputFileListPaths = (
				"${PODS_ROOT}/Target Support Files/Pods-TravelHackApp-TravelHackAppUITests/Pods-TravelHackApp-TravelHackAppUITests-frameworks-${CONFIGURATION}-output-files.xcfilelist",
			);
			runOnlyForDeploymentPostprocessing = 0;
			shellPath = /bin/sh;
			shellScript = "\"${PODS_ROOT}/Target Support Files/Pods-TravelHackApp-TravelHackAppUITests/Pods-TravelHackApp-TravelHackAppUITests-frameworks.sh\"\n";
			showEnvVarsInLog = 0;
		};
/* End PBXShellScriptBuildPhase section */

/* Begin PBXSourcesBuildPhase section */
		538391FC260F32AE002CAC18 /* Sources */ = {
			isa = PBXSourcesBuildPhase;
			buildActionMask = 2147483647;
			files = (
				538392C1260F533D002CAC18 /* StoryView.swift in Sources */,
				53839289260F3A70002CAC18 /* NewsModel.swift in Sources */,
				53839204260F32AE002CAC18 /* AppDelegate.swift in Sources */,
				538392DB260F6711002CAC18 /* NewsArrayView.swift in Sources */,
				538392C6260F53F6002CAC18 /* GuideView.swift in Sources */,
				53D123FC260F77EB001C9E5C /* ChooseEventViewController.swift in Sources */,
				53839263260F3640002CAC18 /* MainView.swift in Sources */,
				538392E0260F6E55002CAC18 /* HeaderView.swift in Sources */,
				538392CE260F62F3002CAC18 /* NewsView.swift in Sources */,
				53D123F7260F77DE001C9E5C /* ChooseEventViewModel.swift in Sources */,
				53839284260F38A9002CAC18 /* StoryModel.swift in Sources */,
				5383928E260F3A85002CAC18 /* CityModel.swift in Sources */,
				53839271260F37CC002CAC18 /* NetworkService.swift in Sources */,
				53839250260F349D002CAC18 /* MainCoordiantor.swift in Sources */,
				53839279260F37FF002CAC18 /* LocalModel.swift in Sources */,
				5383925E260F3515002CAC18 /* CoordinatorProtocol.swift in Sources */,
				53839206260F32AE002CAC18 /* SceneDelegate.swift in Sources */,
				53839293260F3C8F002CAC18 /* GuideModel.swift in Sources */,
				5383927E260F3817002CAC18 /* ModelProtocol.swift in Sources */,
				53839256260F34BB002CAC18 /* ViewBuilder.swift in Sources */,
				53839268260F3651002CAC18 /* MainViewModel.swift in Sources */,
			);
			runOnlyForDeploymentPostprocessing = 0;
		};
		53839212260F32B2002CAC18 /* Sources */ = {
			isa = PBXSourcesBuildPhase;
			buildActionMask = 2147483647;
			files = (
				5383921B260F32B2002CAC18 /* TravelHackAppTests.swift in Sources */,
			);
			runOnlyForDeploymentPostprocessing = 0;
		};
		5383921D260F32B2002CAC18 /* Sources */ = {
			isa = PBXSourcesBuildPhase;
			buildActionMask = 2147483647;
			files = (
				53839226260F32B2002CAC18 /* TravelHackAppUITests.swift in Sources */,
			);
			runOnlyForDeploymentPostprocessing = 0;
		};
/* End PBXSourcesBuildPhase section */

/* Begin PBXTargetDependency section */
		53839218260F32B2002CAC18 /* PBXTargetDependency */ = {
			isa = PBXTargetDependency;
			target = 538391FF260F32AE002CAC18 /* TravelHackApp */;
			targetProxy = 53839217260F32B2002CAC18 /* PBXContainerItemProxy */;
		};
		53839223260F32B2002CAC18 /* PBXTargetDependency */ = {
			isa = PBXTargetDependency;
			target = 538391FF260F32AE002CAC18 /* TravelHackApp */;
			targetProxy = 53839222260F32B2002CAC18 /* PBXContainerItemProxy */;
		};
/* End PBXTargetDependency section */

/* Begin PBXVariantGroup section */
		5383920E260F32B1002CAC18 /* LaunchScreen.storyboard */ = {
			isa = PBXVariantGroup;
			children = (
				5383920F260F32B1002CAC18 /* Base */,
			);
			name = LaunchScreen.storyboard;
			sourceTree = "<group>";
		};
/* End PBXVariantGroup section */

/* Begin XCBuildConfiguration section */
		53839228260F32B2002CAC18 /* Debug */ = {
			isa = XCBuildConfiguration;
			buildSettings = {
				ALWAYS_SEARCH_USER_PATHS = NO;
				CLANG_ANALYZER_NONNULL = YES;
				CLANG_ANALYZER_NUMBER_OBJECT_CONVERSION = YES_AGGRESSIVE;
				CLANG_CXX_LANGUAGE_STANDARD = "gnu++14";
				CLANG_CXX_LIBRARY = "libc++";
				CLANG_ENABLE_MODULES = YES;
				CLANG_ENABLE_OBJC_ARC = YES;
				CLANG_ENABLE_OBJC_WEAK = YES;
				CLANG_WARN_BLOCK_CAPTURE_AUTORELEASING = YES;
				CLANG_WARN_BOOL_CONVERSION = YES;
				CLANG_WARN_COMMA = YES;
				CLANG_WARN_CONSTANT_CONVERSION = YES;
				CLANG_WARN_DEPRECATED_OBJC_IMPLEMENTATIONS = YES;
				CLANG_WARN_DIRECT_OBJC_ISA_USAGE = YES_ERROR;
				CLANG_WARN_DOCUMENTATION_COMMENTS = YES;
				CLANG_WARN_EMPTY_BODY = YES;
				CLANG_WARN_ENUM_CONVERSION = YES;
				CLANG_WARN_INFINITE_RECURSION = YES;
				CLANG_WARN_INT_CONVERSION = YES;
				CLANG_WARN_NON_LITERAL_NULL_CONVERSION = YES;
				CLANG_WARN_OBJC_IMPLICIT_RETAIN_SELF = YES;
				CLANG_WARN_OBJC_LITERAL_CONVERSION = YES;
				CLANG_WARN_OBJC_ROOT_CLASS = YES_ERROR;
				CLANG_WARN_QUOTED_INCLUDE_IN_FRAMEWORK_HEADER = YES;
				CLANG_WARN_RANGE_LOOP_ANALYSIS = YES;
				CLANG_WARN_STRICT_PROTOTYPES = YES;
				CLANG_WARN_SUSPICIOUS_MOVE = YES;
				CLANG_WARN_UNGUARDED_AVAILABILITY = YES_AGGRESSIVE;
				CLANG_WARN_UNREACHABLE_CODE = YES;
				CLANG_WARN__DUPLICATE_METHOD_MATCH = YES;
				COPY_PHASE_STRIP = NO;
				DEBUG_INFORMATION_FORMAT = dwarf;
				ENABLE_STRICT_OBJC_MSGSEND = YES;
				ENABLE_TESTABILITY = YES;
				GCC_C_LANGUAGE_STANDARD = gnu11;
				GCC_DYNAMIC_NO_PIC = NO;
				GCC_NO_COMMON_BLOCKS = YES;
				GCC_OPTIMIZATION_LEVEL = 0;
				GCC_PREPROCESSOR_DEFINITIONS = (
					"DEBUG=1",
					"$(inherited)",
				);
				GCC_WARN_64_TO_32_BIT_CONVERSION = YES;
				GCC_WARN_ABOUT_RETURN_TYPE = YES_ERROR;
				GCC_WARN_UNDECLARED_SELECTOR = YES;
				GCC_WARN_UNINITIALIZED_AUTOS = YES_AGGRESSIVE;
				GCC_WARN_UNUSED_FUNCTION = YES;
				GCC_WARN_UNUSED_VARIABLE = YES;
				IPHONEOS_DEPLOYMENT_TARGET = 14.2;
				MTL_ENABLE_DEBUG_INFO = INCLUDE_SOURCE;
				MTL_FAST_MATH = YES;
				ONLY_ACTIVE_ARCH = YES;
				SDKROOT = iphoneos;
				SWIFT_ACTIVE_COMPILATION_CONDITIONS = DEBUG;
				SWIFT_OPTIMIZATION_LEVEL = "-Onone";
			};
			name = Debug;
		};
		53839229260F32B2002CAC18 /* Release */ = {
			isa = XCBuildConfiguration;
			buildSettings = {
				ALWAYS_SEARCH_USER_PATHS = NO;
				CLANG_ANALYZER_NONNULL = YES;
				CLANG_ANALYZER_NUMBER_OBJECT_CONVERSION = YES_AGGRESSIVE;
				CLANG_CXX_LANGUAGE_STANDARD = "gnu++14";
				CLANG_CXX_LIBRARY = "libc++";
				CLANG_ENABLE_MODULES = YES;
				CLANG_ENABLE_OBJC_ARC = YES;
				CLANG_ENABLE_OBJC_WEAK = YES;
				CLANG_WARN_BLOCK_CAPTURE_AUTORELEASING = YES;
				CLANG_WARN_BOOL_CONVERSION = YES;
				CLANG_WARN_COMMA = YES;
				CLANG_WARN_CONSTANT_CONVERSION = YES;
				CLANG_WARN_DEPRECATED_OBJC_IMPLEMENTATIONS = YES;
				CLANG_WARN_DIRECT_OBJC_ISA_USAGE = YES_ERROR;
				CLANG_WARN_DOCUMENTATION_COMMENTS = YES;
				CLANG_WARN_EMPTY_BODY = YES;
				CLANG_WARN_ENUM_CONVERSION = YES;
				CLANG_WARN_INFINITE_RECURSION = YES;
				CLANG_WARN_INT_CONVERSION = YES;
				CLANG_WARN_NON_LITERAL_NULL_CONVERSION = YES;
				CLANG_WARN_OBJC_IMPLICIT_RETAIN_SELF = YES;
				CLANG_WARN_OBJC_LITERAL_CONVERSION = YES;
				CLANG_WARN_OBJC_ROOT_CLASS = YES_ERROR;
				CLANG_WARN_QUOTED_INCLUDE_IN_FRAMEWORK_HEADER = YES;
				CLANG_WARN_RANGE_LOOP_ANALYSIS = YES;
				CLANG_WARN_STRICT_PROTOTYPES = YES;
				CLANG_WARN_SUSPICIOUS_MOVE = YES;
				CLANG_WARN_UNGUARDED_AVAILABILITY = YES_AGGRESSIVE;
				CLANG_WARN_UNREACHABLE_CODE = YES;
				CLANG_WARN__DUPLICATE_METHOD_MATCH = YES;
				COPY_PHASE_STRIP = NO;
				DEBUG_INFORMATION_FORMAT = "dwarf-with-dsym";
				ENABLE_NS_ASSERTIONS = NO;
				ENABLE_STRICT_OBJC_MSGSEND = YES;
				GCC_C_LANGUAGE_STANDARD = gnu11;
				GCC_NO_COMMON_BLOCKS = YES;
				GCC_WARN_64_TO_32_BIT_CONVERSION = YES;
				GCC_WARN_ABOUT_RETURN_TYPE = YES_ERROR;
				GCC_WARN_UNDECLARED_SELECTOR = YES;
				GCC_WARN_UNINITIALIZED_AUTOS = YES_AGGRESSIVE;
				GCC_WARN_UNUSED_FUNCTION = YES;
				GCC_WARN_UNUSED_VARIABLE = YES;
				IPHONEOS_DEPLOYMENT_TARGET = 14.2;
				MTL_ENABLE_DEBUG_INFO = NO;
				MTL_FAST_MATH = YES;
				SDKROOT = iphoneos;
				SWIFT_COMPILATION_MODE = wholemodule;
				SWIFT_OPTIMIZATION_LEVEL = "-O";
				VALIDATE_PRODUCT = YES;
			};
			name = Release;
		};
		5383922B260F32B2002CAC18 /* Debug */ = {
			isa = XCBuildConfiguration;
			baseConfigurationReference = A88F6E197D9CA98D652D9E66 /* Pods-TravelHackApp.debug.xcconfig */;
			buildSettings = {
				ASSETCATALOG_COMPILER_APPICON_NAME = AppIcon;
				ASSETCATALOG_COMPILER_GLOBAL_ACCENT_COLOR_NAME = AccentColor;
				CODE_SIGN_STYLE = Automatic;
				DEVELOPMENT_ASSET_PATHS = "\"TravelHackApp/Preview Content\"";
				DEVELOPMENT_TEAM = QJTX6ZW7M3;
				ENABLE_PREVIEWS = YES;
				INFOPLIST_FILE = TravelHackApp/Info.plist;
				LD_RUNPATH_SEARCH_PATHS = (
					"$(inherited)",
					"@executable_path/Frameworks",
				);
				PRODUCT_BUNDLE_IDENTIFIER = YoavNemirovskiy.TravelHackApp;
				PRODUCT_NAME = "$(TARGET_NAME)";
				SWIFT_VERSION = 5.0;
				TARGETED_DEVICE_FAMILY = "1,2";
			};
			name = Debug;
		};
		5383922C260F32B2002CAC18 /* Release */ = {
			isa = XCBuildConfiguration;
			baseConfigurationReference = 8DD0F57AC570880F776080B7 /* Pods-TravelHackApp.release.xcconfig */;
			buildSettings = {
				ASSETCATALOG_COMPILER_APPICON_NAME = AppIcon;
				ASSETCATALOG_COMPILER_GLOBAL_ACCENT_COLOR_NAME = AccentColor;
				CODE_SIGN_STYLE = Automatic;
				DEVELOPMENT_ASSET_PATHS = "\"TravelHackApp/Preview Content\"";
				DEVELOPMENT_TEAM = QJTX6ZW7M3;
				ENABLE_PREVIEWS = YES;
				INFOPLIST_FILE = TravelHackApp/Info.plist;
				LD_RUNPATH_SEARCH_PATHS = (
					"$(inherited)",
					"@executable_path/Frameworks",
				);
				PRODUCT_BUNDLE_IDENTIFIER = YoavNemirovskiy.TravelHackApp;
				PRODUCT_NAME = "$(TARGET_NAME)";
				SWIFT_VERSION = 5.0;
				TARGETED_DEVICE_FAMILY = "1,2";
			};
			name = Release;
		};
		5383922E260F32B2002CAC18 /* Debug */ = {
			isa = XCBuildConfiguration;
			baseConfigurationReference = BA3A856FF1254562C464540D /* Pods-TravelHackAppTests.debug.xcconfig */;
			buildSettings = {
				ALWAYS_EMBED_SWIFT_STANDARD_LIBRARIES = YES;
				BUNDLE_LOADER = "$(TEST_HOST)";
				CODE_SIGN_STYLE = Automatic;
				DEVELOPMENT_TEAM = QJTX6ZW7M3;
				INFOPLIST_FILE = TravelHackAppTests/Info.plist;
				IPHONEOS_DEPLOYMENT_TARGET = 14.2;
				LD_RUNPATH_SEARCH_PATHS = (
					"$(inherited)",
					"@executable_path/Frameworks",
					"@loader_path/Frameworks",
				);
				PRODUCT_BUNDLE_IDENTIFIER = YoavNemirovskiy.TravelHackAppTests;
				PRODUCT_NAME = "$(TARGET_NAME)";
				SWIFT_VERSION = 5.0;
				TARGETED_DEVICE_FAMILY = "1,2";
				TEST_HOST = "$(BUILT_PRODUCTS_DIR)/TravelHackApp.app/TravelHackApp";
			};
			name = Debug;
		};
		5383922F260F32B2002CAC18 /* Release */ = {
			isa = XCBuildConfiguration;
			baseConfigurationReference = 42EF621184C187BF657FC07F /* Pods-TravelHackAppTests.release.xcconfig */;
			buildSettings = {
				ALWAYS_EMBED_SWIFT_STANDARD_LIBRARIES = YES;
				BUNDLE_LOADER = "$(TEST_HOST)";
				CODE_SIGN_STYLE = Automatic;
				DEVELOPMENT_TEAM = QJTX6ZW7M3;
				INFOPLIST_FILE = TravelHackAppTests/Info.plist;
				IPHONEOS_DEPLOYMENT_TARGET = 14.2;
				LD_RUNPATH_SEARCH_PATHS = (
					"$(inherited)",
					"@executable_path/Frameworks",
					"@loader_path/Frameworks",
				);
				PRODUCT_BUNDLE_IDENTIFIER = YoavNemirovskiy.TravelHackAppTests;
				PRODUCT_NAME = "$(TARGET_NAME)";
				SWIFT_VERSION = 5.0;
				TARGETED_DEVICE_FAMILY = "1,2";
				TEST_HOST = "$(BUILT_PRODUCTS_DIR)/TravelHackApp.app/TravelHackApp";
			};
			name = Release;
		};
		53839231260F32B2002CAC18 /* Debug */ = {
			isa = XCBuildConfiguration;
			baseConfigurationReference = 62AC98924A1F956D928C213D /* Pods-TravelHackApp-TravelHackAppUITests.debug.xcconfig */;
			buildSettings = {
				ALWAYS_EMBED_SWIFT_STANDARD_LIBRARIES = YES;
				CODE_SIGN_STYLE = Automatic;
				DEVELOPMENT_TEAM = QJTX6ZW7M3;
				INFOPLIST_FILE = TravelHackAppUITests/Info.plist;
				LD_RUNPATH_SEARCH_PATHS = (
					"$(inherited)",
					"@executable_path/Frameworks",
					"@loader_path/Frameworks",
				);
				PRODUCT_BUNDLE_IDENTIFIER = YoavNemirovskiy.TravelHackAppUITests;
				PRODUCT_NAME = "$(TARGET_NAME)";
				SWIFT_VERSION = 5.0;
				TARGETED_DEVICE_FAMILY = "1,2";
				TEST_TARGET_NAME = TravelHackApp;
			};
			name = Debug;
		};
		53839232260F32B2002CAC18 /* Release */ = {
			isa = XCBuildConfiguration;
			baseConfigurationReference = 1B78CD6AEEAC357A35B86FD3 /* Pods-TravelHackApp-TravelHackAppUITests.release.xcconfig */;
			buildSettings = {
				ALWAYS_EMBED_SWIFT_STANDARD_LIBRARIES = YES;
				CODE_SIGN_STYLE = Automatic;
				DEVELOPMENT_TEAM = QJTX6ZW7M3;
				INFOPLIST_FILE = TravelHackAppUITests/Info.plist;
				LD_RUNPATH_SEARCH_PATHS = (
					"$(inherited)",
					"@executable_path/Frameworks",
					"@loader_path/Frameworks",
				);
				PRODUCT_BUNDLE_IDENTIFIER = YoavNemirovskiy.TravelHackAppUITests;
				PRODUCT_NAME = "$(TARGET_NAME)";
				SWIFT_VERSION = 5.0;
				TARGETED_DEVICE_FAMILY = "1,2";
				TEST_TARGET_NAME = TravelHackApp;
			};
			name = Release;
		};
/* End XCBuildConfiguration section */

/* Begin XCConfigurationList section */
		538391FB260F32AE002CAC18 /* Build configuration list for PBXProject "TravelHackApp" */ = {
			isa = XCConfigurationList;
			buildConfigurations = (
				53839228260F32B2002CAC18 /* Debug */,
				53839229260F32B2002CAC18 /* Release */,
			);
			defaultConfigurationIsVisible = 0;
			defaultConfigurationName = Release;
		};
		5383922A260F32B2002CAC18 /* Build configuration list for PBXNativeTarget "TravelHackApp" */ = {
			isa = XCConfigurationList;
			buildConfigurations = (
				5383922B260F32B2002CAC18 /* Debug */,
				5383922C260F32B2002CAC18 /* Release */,
			);
			defaultConfigurationIsVisible = 0;
			defaultConfigurationName = Release;
		};
		5383922D260F32B2002CAC18 /* Build configuration list for PBXNativeTarget "TravelHackAppTests" */ = {
			isa = XCConfigurationList;
			buildConfigurations = (
				5383922E260F32B2002CAC18 /* Debug */,
				5383922F260F32B2002CAC18 /* Release */,
			);
			defaultConfigurationIsVisible = 0;
			defaultConfigurationName = Release;
		};
		53839230260F32B2002CAC18 /* Build configuration list for PBXNativeTarget "TravelHackAppUITests" */ = {
			isa = XCConfigurationList;
			buildConfigurations = (
				53839231260F32B2002CAC18 /* Debug */,
				53839232260F32B2002CAC18 /* Release */,
			);
			defaultConfigurationIsVisible = 0;
			defaultConfigurationName = Release;
		};
/* End XCConfigurationList section */
	};
	rootObject = 538391F8260F32AE002CAC18 /* Project object */;
}
